
Microsoft Visual Studio Solution File, Format Version 12.00
# Visual Studio 15
VisualStudioVersion = 15.0.26124.0
MinimumVisualStudioVersion = 15.0.26124.0
Project("{FAE04EC0-301F-11D3-BF4B-00C04F79EFBC}") = "Domain", "Domain\Domain.csproj", "{91778289-DA2C-49E4-9E1A-F6FFC62C0B97}"
EndProject
Project("{FAE04EC0-301F-11D3-BF4B-00C04F79EFBC}") = "Application", "Application\Application.csproj", "{D8319D8F-A85F-447C-81BE-E5A615DFD945}"
EndProject
Project("{FAE04EC0-301F-11D3-BF4B-00C04F79EFBC}") = "Persistence", "Persistence\Persistence.csproj", "{6348D7A8-508F-4846-AE02-263939D47DF2}"
EndProject
Project("{FAE04EC0-301F-11D3-BF4B-00C04F79EFBC}") = "API", "API\API.csproj", "{884A5ADB-27F4-461E-88A7-9EF1777A1DE3}"
EndProject
Global
	GlobalSection(SolutionConfigurationPlatforms) = preSolution
		Debug|Any CPU = Debug|Any CPU
		Debug|x64 = Debug|x64
		Debug|x86 = Debug|x86
		Release|Any CPU = Release|Any CPU
		Release|x64 = Release|x64
		Release|x86 = Release|x86
	EndGlobalSection
	GlobalSection(SolutionProperties) = preSolution
		HideSolutionNode = FALSE
	EndGlobalSection
	GlobalSection(ProjectConfigurationPlatforms) = postSolution
		{91778289-DA2C-49E4-9E1A-F6FFC62C0B97}.Debug|Any CPU.ActiveCfg = Debug|Any CPU
		{91778289-DA2C-49E4-9E1A-F6FFC62C0B97}.Debug|Any CPU.Build.0 = Debug|Any CPU
		{91778289-DA2C-49E4-9E1A-F6FFC62C0B97}.Debug|x64.ActiveCfg = Debug|Any CPU
		{91778289-DA2C-49E4-9E1A-F6FFC62C0B97}.Debug|x64.Build.0 = Debug|Any CPU
		{91778289-DA2C-49E4-9E1A-F6FFC62C0B97}.Debug|x86.ActiveCfg = Debug|Any CPU
		{91778289-DA2C-49E4-9E1A-F6FFC62C0B97}.Debug|x86.Build.0 = Debug|Any CPU
		{91778289-DA2C-49E4-9E1A-F6FFC62C0B97}.Release|Any CPU.ActiveCfg = Release|Any CPU
		{91778289-DA2C-49E4-9E1A-F6FFC62C0B97}.Release|Any CPU.Build.0 = Release|Any CPU
		{91778289-DA2C-49E4-9E1A-F6FFC62C0B97}.Release|x64.ActiveCfg = Release|Any CPU
		{91778289-DA2C-49E4-9E1A-F6FFC62C0B97}.Release|x64.Build.0 = Release|Any CPU
		{91778289-DA2C-49E4-9E1A-F6FFC62C0B97}.Release|x86.ActiveCfg = Release|Any CPU
		{91778289-DA2C-49E4-9E1A-F6FFC62C0B97}.Release|x86.Build.0 = Release|Any CPU
		{D8319D8F-A85F-447C-81BE-E5A615DFD945}.Debug|Any CPU.ActiveCfg = Debug|Any CPU
		{D8319D8F-A85F-447C-81BE-E5A615DFD945}.Debug|Any CPU.Build.0 = Debug|Any CPU
		{D8319D8F-A85F-447C-81BE-E5A615DFD945}.Debug|x64.ActiveCfg = Debug|Any CPU
		{D8319D8F-A85F-447C-81BE-E5A615DFD945}.Debug|x64.Build.0 = Debug|Any CPU
		{D8319D8F-A85F-447C-81BE-E5A615DFD945}.Debug|x86.ActiveCfg = Debug|Any CPU
		{D8319D8F-A85F-447C-81BE-E5A615DFD945}.Debug|x86.Build.0 = Debug|Any CPU
		{D8319D8F-A85F-447C-81BE-E5A615DFD945}.Release|Any CPU.ActiveCfg = Release|Any CPU
		{D8319D8F-A85F-447C-81BE-E5A615DFD945}.Release|Any CPU.Build.0 = Release|Any CPU
		{D8319D8F-A85F-447C-81BE-E5A615DFD945}.Release|x64.ActiveCfg = Release|Any CPU
		{D8319D8F-A85F-447C-81BE-E5A615DFD945}.Release|x64.Build.0 = Release|Any CPU
		{D8319D8F-A85F-447C-81BE-E5A615DFD945}.Release|x86.ActiveCfg = Release|Any CPU
		{D8319D8F-A85F-447C-81BE-E5A615DFD945}.Release|x86.Build.0 = Release|Any CPU
		{6348D7A8-508F-4846-AE02-263939D47DF2}.Debug|Any CPU.ActiveCfg = Debug|Any CPU
		{6348D7A8-508F-4846-AE02-263939D47DF2}.Debug|Any CPU.Build.0 = Debug|Any CPU
		{6348D7A8-508F-4846-AE02-263939D47DF2}.Debug|x64.ActiveCfg = Debug|Any CPU
		{6348D7A8-508F-4846-AE02-263939D47DF2}.Debug|x64.Build.0 = Debug|Any CPU
		{6348D7A8-508F-4846-AE02-263939D47DF2}.Debug|x86.ActiveCfg = Debug|Any CPU
		{6348D7A8-508F-4846-AE02-263939D47DF2}.Debug|x86.Build.0 = Debug|Any CPU
		{6348D7A8-508F-4846-AE02-263939D47DF2}.Release|Any CPU.ActiveCfg = Release|Any CPU
		{6348D7A8-508F-4846-AE02-263939D47DF2}.Release|Any CPU.Build.0 = Release|Any CPU
		{6348D7A8-508F-4846-AE02-263939D47DF2}.Release|x64.ActiveCfg = Release|Any CPU
		{6348D7A8-508F-4846-AE02-263939D47DF2}.Release|x64.Build.0 = Release|Any CPU
		{6348D7A8-508F-4846-AE02-263939D47DF2}.Release|x86.ActiveCfg = Release|Any CPU
		{6348D7A8-508F-4846-AE02-263939D47DF2}.Release|x86.Build.0 = Release|Any CPU
		{884A5ADB-27F4-461E-88A7-9EF1777A1DE3}.Debug|Any CPU.ActiveCfg = Debug|Any CPU
		{884A5ADB-27F4-461E-88A7-9EF1777A1DE3}.Debug|Any CPU.Build.0 = Debug|Any CPU
		{884A5ADB-27F4-461E-88A7-9EF1777A1DE3}.Debug|x64.ActiveCfg = Debug|Any CPU
		{884A5ADB-27F4-461E-88A7-9EF1777A1DE3}.Debug|x64.Build.0 = Debug|Any CPU
		{884A5ADB-27F4-461E-88A7-9EF1777A1DE3}.Debug|x86.ActiveCfg = Debug|Any CPU
		{884A5ADB-27F4-461E-88A7-9EF1777A1DE3}.Debug|x86.Build.0 = Debug|Any CPU
		{884A5ADB-27F4-461E-88A7-9EF1777A1DE3}.Release|Any CPU.ActiveCfg = Release|Any CPU
		{884A5ADB-27F4-461E-88A7-9EF1777A1DE3}.Release|Any CPU.Build.0 = Release|Any CPU
		{884A5ADB-27F4-461E-88A7-9EF1777A1DE3}.Release|x64.ActiveCfg = Release|Any CPU
		{884A5ADB-27F4-461E-88A7-9EF1777A1DE3}.Release|x64.Build.0 = Release|Any CPU
		{884A5ADB-27F4-461E-88A7-9EF1777A1DE3}.Release|x86.ActiveCfg = Release|Any CPU
		{884A5ADB-27F4-461E-88A7-9EF1777A1DE3}.Release|x86.Build.0 = Release|Any CPU
	EndGlobalSection
EndGlobal
